hash: 3f3b7a8e8b5b567ffa65d8dc3b06d58634f3d23d42f879da28160d7bbd5297d5
updated: 2018-02-27T22:51:11.43645592Z
imports:
- name: github.com/kljensen/snowball
  version: f482afe5b58c0b06205aa97ccaf8b370e6fb943a
  subpackages:
  - english
  - french
  - romance
  - russian
  - snowballword
  - spanish
  - swedish
- name: golang.org/x/crypto
  version: 8c653846df49742c4c85ec37e5d9f8d3ba657895
  subpackages:
  - bcrypt
  - blowfish
testImports: []
