# This file is autogenerated, do not edit; changes may be undone by the next 'dep ensure'.


[[projects]]
  name = "github.com/kljensen/snowball"
  packages = [
    ".",
    "english",
    "french",
    "romance",
    "russian",
    "snowballword",
    "spanish",
    "swedish"
  ]
  revision = "7dbb25caabcfe316a84ebcde7957d1ab98456740"
  version = "v0.5.0"

[[projects]]
  branch = "master"
  name = "golang.org/x/crypto"
  packages = [
    "bcrypt",
    "blowfish"
  ]
  revision = "91a49db82a88618983a78a06c1cbd4e00ab749ab"

[solve-meta]
  analyzer-name = "dep"
  analyzer-version = 1
  inputs-digest = "b4e0e9bd65886866b2c1a4cdd7f8a2c2a544ded7bea0782a6e3e1540523b3ad0"
  solver-name = "gps-cdcl"
  solver-version = 1
