# This file is autogenerated, do not edit; changes may be undone by the next 'dep ensure'.


[[projects]]
  name = "github.com/D-L-M/jsonserver"
  packages = ["."]
  revision = "e94c4ef988925fa38e3f8a2a64cbaa1ac76621be"
  version = "0.1.2"

[[projects]]
  name = "github.com/kljensen/snowball"
  packages = [
    ".",
    "english",
    "french",
    "romance",
    "russian",
    "snowballword",
    "spanish",
    "swedish"
  ]
  revision = "7dbb25caabcfe316a84ebcde7957d1ab98456740"
  version = "v0.5.0"

[[projects]]
  branch = "master"
  name = "golang.org/x/crypto"
  packages = [
    "bcrypt",
    "blowfish"
  ]
  revision = "c7dcf104e3a7a1417abc0230cb0d5240d764159d"

[solve-meta]
  analyzer-name = "dep"
  analyzer-version = 1
  inputs-digest = "257d9962796cf7190bc04da20e8688e46035abded6ab8da6e5e7b867b4b29763"
  solver-name = "gps-cdcl"
  solver-version = 1
